%{
  "elixir_make": {:hex, :elixir_make, "0.6.0", "38349f3e29aff4864352084fc736fa7fa0f2995a819a737554f7ebd28b85aaab", [:mix], []},
  "font_metrics": {:hex, :font_metrics, "0.3.1", "025ff9957040eb4d6430c306a4445bad5d9f43ec24448c1647df7cb63b5dd88c", [:mix], [{:msgpax, "~> 2.2", [hex: :msgpax, optional: false]}]},
  "msgpax": {:hex, :msgpax, "2.2.3", "02be0be1b440a12d7e6f6c45662463d53d01a30b5bd4ab806276453b455f820a", [:mix], [{:plug, "~> 1.0", [hex: :plug, optional: true]}]},
  "scenic": {:hex, :scenic, "0.10.2", "f4f0a00eed677ac50a7b297375c0323d03f4273580f17c50b877abfaf0c6dc1f", [:make, :mix], [{:elixir_make, "~> 0.5", [hex: :elixir_make, optional: false]}, {:font_metrics, "~> 0.3", [hex: :font_metrics, optional: false]}]},
  "scenic_driver_glfw": {:hex, :scenic_driver_glfw, "0.10.1", "df7a11bc1d23415dd48c7796a70a6ad98b9cf77554078d79115d6c6e58b87eda", [:make, :mix], [{:elixir_make, "~> 0.6", [hex: :elixir_make, optional: false]}, {:scenic, "~> 0.10", [hex: :scenic, optional: false]}]},
  "scenic_layout_o_matic": {:hex, :scenic_layout_o_matic, "0.2.0", "298478d3a1cedb78c4c95107c9a66c2f3a481655fae3758c2d3b88a45329004e", [:mix], [{:font_metrics, "~> 0.3", [hex: :font_metrics, optional: false]}, {:scenic, "~> 0.10", [hex: :scenic, optional: false]}, {:scenic_driver_glfw, "~> 0.10", [hex: :scenic_driver_glfw, optional: false]}]},
}
